// !$*UTF8*$!
{
	archiveVersion = 1;
	classes = {
	};
	objectVersion = 51;
	objects = {

/* Begin PBXBuildFile section */
		CC3E90B924951077005DF64D /* Extension.swift in Sources */ = {isa = PBXBuildFile; fileRef = CC3E90B824951077005DF64D /* Extension.swift */; };
		CC511D6224A6984F0086F8E2 /* ChatInputContainerView.swift in Sources */ = {isa = PBXBuildFile; fileRef = CC511D6124A6984F0086F8E2 /* ChatInputContainerView.swift */; };
		CC741C1C248BF3810023A4B0 /* AppDelegate.swift in Sources */ = {isa = PBXBuildFile; fileRef = CC741C1B248BF3810023A4B0 /* AppDelegate.swift */; };
		CC741C1E248BF3810023A4B0 /* SceneDelegate.swift in Sources */ = {isa = PBXBuildFile; fileRef = CC741C1D248BF3810023A4B0 /* SceneDelegate.swift */; };
		CC741C20248BF3810023A4B0 /* MessagesController.swift in Sources */ = {isa = PBXBuildFile; fileRef = CC741C1F248BF3810023A4B0 /* MessagesController.swift */; };
		CC741C23248BF3810023A4B0 /* Main.storyboard in Resources */ = {isa = PBXBuildFile; fileRef = CC741C21248BF3810023A4B0 /* Main.storyboard */; };
		CC741C26248BF3810023A4B0 /* ChatApplication.xcdatamodeld in Sources */ = {isa = PBXBuildFile; fileRef = CC741C24248BF3810023A4B0 /* ChatApplication.xcdatamodeld */; };
		CC741C28248BF3850023A4B0 /* Assets.xcassets in Resources */ = {isa = PBXBuildFile; fileRef = CC741C27248BF3850023A4B0 /* Assets.xcassets */; };
		CC741C2B248BF3850023A4B0 /* LaunchScreen.storyboard in Resources */ = {isa = PBXBuildFile; fileRef = CC741C29248BF3850023A4B0 /* LaunchScreen.storyboard */; };
		CC741C34248BFB140023A4B0 /* LoginController.swift in Sources */ = {isa = PBXBuildFile; fileRef = CC741C33248BFB140023A4B0 /* LoginController.swift */; };
		CC797705248EAEED006ADDD2 /* NewMessageController.swift in Sources */ = {isa = PBXBuildFile; fileRef = CC797704248EAEED006ADDD2 /* NewMessageController.swift */; };
		CC81EA19249BEC8D00F8EA2B /* Message.swift in Sources */ = {isa = PBXBuildFile; fileRef = CC81EA18249BEC8D00F8EA2B /* Message.swift */; };
		CC81EA1C249C46C500F8EA2B /* UserCell.swift in Sources */ = {isa = PBXBuildFile; fileRef = CC81EA1B249C46C500F8EA2B /* UserCell.swift */; };
		CC861C882490337C00525073 /* User.swift in Sources */ = {isa = PBXBuildFile; fileRef = CC861C872490337C00525073 /* User.swift */; };
		CC861C8A249157CB00525073 /* LoginController+handlers.swift in Sources */ = {isa = PBXBuildFile; fileRef = CC861C89249157CB00525073 /* LoginController+handlers.swift */; };
		CC914CC7249735CF00CCB922 /* ChatLogController.swift in Sources */ = {isa = PBXBuildFile; fileRef = CC914CC6249735CF00CCB922 /* ChatLogController.swift */; };
		CCA300F5248CAF970032E7C7 /* GoogleService-Info.plist in Resources */ = {isa = PBXBuildFile; fileRef = CCA300F4248CAF970032E7C7 /* GoogleService-Info.plist */; };
		CCA300F7248D4FD10032E7C7 /* Constants.swift in Sources */ = {isa = PBXBuildFile; fileRef = CCA300F6248D4FD10032E7C7 /* Constants.swift */; };
		CCFCF79A24A1900800F61134 /* ChatMessageCell.swift in Sources */ = {isa = PBXBuildFile; fileRef = CCFCF79924A1900800F61134 /* ChatMessageCell.swift */; };
		F875B5A6499A5DB3FABE5E14 /* Pods_ChatApplication.framework in Frameworks */ = {isa = PBXBuildFile; fileRef = C3844C4978CD5D5ABEDE99FC /* Pods_ChatApplication.framework */; };
/* End PBXBuildFile section */

/* Begin PBXFileReference section */
		27F784627526804E35674641 /* Pods-ChatApplication.release.xcconfig */ = {isa = PBXFileReference; includeInIndex = 1; lastKnownFileType = text.xcconfig; name = "Pods-ChatApplication.release.xcconfig"; path = "Target Support Files/Pods-ChatApplication/Pods-ChatApplication.release.xcconfig"; sourceTree = "<group>"; };
		300082058013B620C9CA1227 /* Pods-ChatApplication.debug.xcconfig */ = {isa = PBXFileReference; includeInIndex = 1; lastKnownFileType = text.xcconfig; name = "Pods-ChatApplication.debug.xcconfig"; path = "Target Support Files/Pods-ChatApplication/Pods-ChatApplication.debug.xcconfig"; sourceTree = "<group>"; };
		C3844C4978CD5D5ABEDE99FC /* Pods_ChatApplication.framework */ = {isa = PBXFileReference; explicitFileType = wrapper.framework; includeInIndex = 0; path = Pods_ChatApplication.framework; sourceTree = BUILT_PRODUCTS_DIR; };
		CC3E90B824951077005DF64D /* Extension.swift */ = {isa = PBXFileReference; lastKnownFileType = sourcecode.swift; path = Extension.swift; sourceTree = "<group>"; };
		CC511D6124A6984F0086F8E2 /* ChatInputContainerView.swift */ = {isa = PBXFileReference; lastKnownFileType = sourcecode.swift; path = ChatInputContainerView.swift; sourceTree = "<group>"; };
		CC741C18248BF3810023A4B0 /* ChatApplication.app */ = {isa = PBXFileReference; explicitFileType = wrapper.application; includeInIndex = 0; path = ChatApplication.app; sourceTree = BUILT_PRODUCTS_DIR; };
		CC741C1B248BF3810023A4B0 /* AppDelegate.swift */ = {isa = PBXFileReference; lastKnownFileType = sourcecode.swift; path = AppDelegate.swift; sourceTree = "<group>"; };
		CC741C1D248BF3810023A4B0 /* SceneDelegate.swift */ = {isa = PBXFileReference; lastKnownFileType = sourcecode.swift; path = SceneDelegate.swift; sourceTree = "<group>"; };
		CC741C1F248BF3810023A4B0 /* MessagesController.swift */ = {isa = PBXFileReference; lastKnownFileType = sourcecode.swift; path = MessagesController.swift; sourceTree = "<group>"; };
		CC741C22248BF3810023A4B0 /* Base */ = {isa = PBXFileReference; lastKnownFileType = file.storyboard; name = Base; path = Base.lproj/Main.storyboard; sourceTree = "<group>"; };
		CC741C25248BF3810023A4B0 /* ChatApplication.xcdatamodel */ = {isa = PBXFileReference; lastKnownFileType = wrapper.xcdatamodel; path = ChatApplication.xcdatamodel; sourceTree = "<group>"; };
		CC741C27248BF3850023A4B0 /* Assets.xcassets */ = {isa = PBXFileReference; lastKnownFileType = folder.assetcatalog; path = Assets.xcassets; sourceTree = "<group>"; };
		CC741C2A248BF3850023A4B0 /* Base */ = {isa = PBXFileReference; lastKnownFileType = file.storyboard; name = Base; path = Base.lproj/LaunchScreen.storyboard; sourceTree = "<group>"; };
		CC741C2C248BF3850023A4B0 /* Info.plist */ = {isa = PBXFileReference; lastKnownFileType = text.plist.xml; path = Info.plist; sourceTree = "<group>"; };
		CC741C33248BFB140023A4B0 /* LoginController.swift */ = {isa = PBXFileReference; lastKnownFileType = sourcecode.swift; path = LoginController.swift; sourceTree = "<group>"; };
		CC797704248EAEED006ADDD2 /* NewMessageController.swift */ = {isa = PBXFileReference; lastKnownFileType = sourcecode.swift; path = NewMessageController.swift; sourceTree = "<group>"; };
		CC81EA18249BEC8D00F8EA2B /* Message.swift */ = {isa = PBXFileReference; lastKnownFileType = sourcecode.swift; path = Message.swift; sourceTree = "<group>"; };
		CC81EA1B249C46C500F8EA2B /* UserCell.swift */ = {isa = PBXFileReference; lastKnownFileType = sourcecode.swift; path = UserCell.swift; sourceTree = "<group>"; };
		CC861C872490337C00525073 /* User.swift */ = {isa = PBXFileReference; lastKnownFileType = sourcecode.swift; path = User.swift; sourceTree = "<group>"; };
		CC861C89249157CB00525073 /* LoginController+handlers.swift */ = {isa = PBXFileReference; lastKnownFileType = sourcecode.swift; path = "LoginController+handlers.swift"; sourceTree = "<group>"; };
		CC914CC6249735CF00CCB922 /* ChatLogController.swift */ = {isa = PBXFileReference; lastKnownFileType = sourcecode.swift; path = ChatLogController.swift; sourceTree = "<group>"; };
		CCA300F4248CAF970032E7C7 /* GoogleService-Info.plist */ = {isa = PBXFileReference; fileEncoding = 4; lastKnownFileType = text.plist.xml; path = "GoogleService-Info.plist"; sourceTree = "<group>"; };
		CCA300F6248D4FD10032E7C7 /* Constants.swift */ = {isa = PBXFileReference; lastKnownFileType = sourcecode.swift; path = Constants.swift; sourceTree = "<group>"; };
		CCFCF79924A1900800F61134 /* ChatMessageCell.swift */ = {isa = PBXFileReference; lastKnownFileType = sourcecode.swift; path = ChatMessageCell.swift; sourceTree = "<group>"; };
/* End PBXFileReference section */

/* Begin PBXFrameworksBuildPhase section */
		CC741C15248BF3810023A4B0 /* Frameworks */ = {
			isa = PBXFrameworksBuildPhase;
			buildActionMask = 2147483647;
			files = (
				F875B5A6499A5DB3FABE5E14 /* Pods_ChatApplication.framework in Frameworks */,
			);
			runOnlyForDeploymentPostprocessing = 0;
		};
/* End PBXFrameworksBuildPhase section */

/* Begin PBXGroup section */
		2172C1910CE71A5A6799C1D7 /* Frameworks */ = {
			isa = PBXGroup;
			children = (
				C3844C4978CD5D5ABEDE99FC /* Pods_ChatApplication.framework */,
			);
			name = Frameworks;
			sourceTree = "<group>";
		};
		CC3E90B72495105B005DF64D /* Helpers */ = {
			isa = PBXGroup;
			children = (
				CC3E90B824951077005DF64D /* Extension.swift */,
			);
			path = Helpers;
			sourceTree = "<group>";
		};
		CC741C0F248BF3810023A4B0 = {
			isa = PBXGroup;
			children = (
				CC741C1A248BF3810023A4B0 /* ChatApplication */,
				CC741C19248BF3810023A4B0 /* Products */,
				D21E17E73F1CB952AEFB5C9D /* Pods */,
				2172C1910CE71A5A6799C1D7 /* Frameworks */,
			);
			sourceTree = "<group>";
		};
		CC741C19248BF3810023A4B0 /* Products */ = {
			isa = PBXGroup;
			children = (
				CC741C18248BF3810023A4B0 /* ChatApplication.app */,
			);
			name = Products;
			sourceTree = "<group>";
		};
		CC741C1A248BF3810023A4B0 /* ChatApplication */ = {
			isa = PBXGroup;
			children = (
				CC81EA1A249C46A700F8EA2B /* View */,
				CC3E90B72495105B005DF64D /* Helpers */,
				CC861C862490334600525073 /* Model */,
				CC741C32248BFAE30023A4B0 /* Controller */,
				CC741C1B248BF3810023A4B0 /* AppDelegate.swift */,
				CC741C1D248BF3810023A4B0 /* SceneDelegate.swift */,
				CC741C21248BF3810023A4B0 /* Main.storyboard */,
				CC741C27248BF3850023A4B0 /* Assets.xcassets */,
				CC741C29248BF3850023A4B0 /* LaunchScreen.storyboard */,
				CC741C2C248BF3850023A4B0 /* Info.plist */,
				CC741C24248BF3810023A4B0 /* ChatApplication.xcdatamodeld */,
				CCA300F4248CAF970032E7C7 /* GoogleService-Info.plist */,
				CCA300F6248D4FD10032E7C7 /* Constants.swift */,
			);
			path = ChatApplication;
			sourceTree = "<group>";
		};
		CC741C32248BFAE30023A4B0 /* Controller */ = {
			isa = PBXGroup;
			children = (
				CC741C33248BFB140023A4B0 /* LoginController.swift */,
				CC741C1F248BF3810023A4B0 /* MessagesController.swift */,
				CC797704248EAEED006ADDD2 /* NewMessageController.swift */,
				CC861C89249157CB00525073 /* LoginController+handlers.swift */,
				CC914CC6249735CF00CCB922 /* ChatLogController.swift */,
			);
			path = Controller;
			sourceTree = "<group>";
		};
		CC81EA1A249C46A700F8EA2B /* View */ = {
			isa = PBXGroup;
			children = (
				CC81EA1B249C46C500F8EA2B /* UserCell.swift */,
				CCFCF79924A1900800F61134 /* ChatMessageCell.swift */,
				CC511D6124A6984F0086F8E2 /* ChatInputContainerView.swift */,
			);
			path = View;
			sourceTree = "<group>";
		};
		CC861C862490334600525073 /* Model */ = {
			isa = PBXGroup;
			children = (
				CC861C872490337C00525073 /* User.swift */,
				CC81EA18249BEC8D00F8EA2B /* Message.swift */,
			);
			path = Model;
			sourceTree = "<group>";
		};
		D21E17E73F1CB952AEFB5C9D /* Pods */ = {
			isa = PBXGroup;
			children = (
				300082058013B620C9CA1227 /* Pods-ChatApplication.debug.xcconfig */,
				27F784627526804E35674641 /* Pods-ChatApplication.release.xcconfig */,
			);
			path = Pods;
			sourceTree = "<group>";
		};
/* End PBXGroup section */

/* Begin PBXNativeTarget section */
		CC741C17248BF3810023A4B0 /* ChatApplication */ = {
			isa = PBXNativeTarget;
			buildConfigurationList = CC741C2F248BF3850023A4B0 /* Build configuration list for PBXNativeTarget "ChatApplication" */;
			buildPhases = (
				900441F90E9B8CD94FCB1638 /* [CP] Check Pods Manifest.lock */,
				CC741C14248BF3810023A4B0 /* Sources */,
				CC741C15248BF3810023A4B0 /* Frameworks */,
				CC741C16248BF3810023A4B0 /* Resources */,
				F935A9585B8DECAFC7C9EFBC /* [CP] Embed Pods Frameworks */,
			);
			buildRules = (
			);
			dependencies = (
			);
			name = ChatApplication;
			productName = ChatApplication;
			productReference = CC741C18248BF3810023A4B0 /* ChatApplication.app */;
			productType = "com.apple.product-type.application";
		};
/* End PBXNativeTarget section */

/* Begin PBXProject section */
		CC741C10248BF3810023A4B0 /* Project object */ = {
			isa = PBXProject;
			attributes = {
				LastSwiftUpdateCheck = 1150;
				LastUpgradeCheck = 1150;
				ORGANIZATIONNAME = "Darshan Patel";
				TargetAttributes = {
					CC741C17248BF3810023A4B0 = {
						CreatedOnToolsVersion = 11.5;
					};
				};
			};
			buildConfigurationList = CC741C13248BF3810023A4B0 /* Build configuration list for PBXProject "ChatApplication" */;
			compatibilityVersion = "Xcode 9.3";
			developmentRegion = en;
			hasScannedForEncodings = 0;
			knownRegions = (
				en,
				Base,
			);
			mainGroup = CC741C0F248BF3810023A4B0;
			productRefGroup = CC741C19248BF3810023A4B0 /* Products */;
			projectDirPath = "";
			projectRoot = "";
			targets = (
				CC741C17248BF3810023A4B0 /* ChatApplication */,
			);
		};
/* End PBXProject section */

/* Begin PBXResourcesBuildPhase section */
		CC741C16248BF3810023A4B0 /* Resources */ = {
			isa = PBXResourcesBuildPhase;
			buildActionMask = 2147483647;
			files = (
				CC741C2B248BF3850023A4B0 /* LaunchScreen.storyboard in Resources */,
				CC741C28248BF3850023A4B0 /* Assets.xcassets in Resources */,
				CCA300F5248CAF970032E7C7 /* GoogleService-Info.plist in Resources */,
				CC741C23248BF3810023A4B0 /* Main.storyboard in Resources */,
			);
			runOnlyForDeploymentPostprocessing = 0;
		};
/* End PBXResourcesBuildPhase section */

/* Begin PBXShellScriptBuildPhase section */
		900441F90E9B8CD94FCB1638 /* [CP] Check Pods Manifest.lock */ = {
			isa = PBXShellScriptBuildPhase;
			buildActionMask = 2147483647;
			files = (
			);
			inputFileListPaths = (
			);
			inputPaths = (
				"${PODS_PODFILE_DIR_PATH}/Podfile.lock",
				"${PODS_ROOT}/Manifest.lock",
			);
			name = "[CP] Check Pods Manifest.lock";
			outputFileListPaths = (
			);
			outputPaths = (
				"$(DERIVED_FILE_DIR)/Pods-ChatApplication-checkManifestLockResult.txt",
			);
			runOnlyForDeploymentPostprocessing = 0;
			shellPath = /bin/sh;
			shellScript = "diff \"${PODS_PODFILE_DIR_PATH}/Podfile.lock\" \"${PODS_ROOT}/Manifest.lock\" > /dev/null\nif [ $? != 0 ] ; then\n    # print error to STDERR\n    echo \"error: The sandbox is not in sync with the Podfile.lock. Run 'pod install' or update your CocoaPods installation.\" >&2\n    exit 1\nfi\n# This output is used by Xcode 'outputs' to avoid re-running this script phase.\necho \"SUCCESS\" > \"${SCRIPT_OUTPUT_FILE_0}\"\n";
			showEnvVarsInLog = 0;
		};
		F935A9585B8DECAFC7C9EFBC /* [CP] Embed Pods Frameworks */ = {
			isa = PBXShellScriptBuildPhase;
			buildActionMask = 2147483647;
			files = (
			);
			inputFileListPaths = (
				"${PODS_ROOT}/Target Support Files/Pods-ChatApplication/Pods-ChatApplication-frameworks-${CONFIGURATION}-input-files.xcfilelist",
			);
			name = "[CP] Embed Pods Frameworks";
			outputFileListPaths = (
				"${PODS_ROOT}/Target Support Files/Pods-ChatApplication/Pods-ChatApplication-frameworks-${CONFIGURATION}-output-files.xcfilelist",
			);
			runOnlyForDeploymentPostprocessing = 0;
			shellPath = /bin/sh;
			shellScript = "\"${PODS_ROOT}/Target Support Files/Pods-ChatApplication/Pods-ChatApplication-frameworks.sh\"\n";
			showEnvVarsInLog = 0;
		};
/* End PBXShellScriptBuildPhase section */

/* Begin PBXSourcesBuildPhase section */
		CC741C14248BF3810023A4B0 /* Sources */ = {
			isa = PBXSourcesBuildPhase;
			buildActionMask = 2147483647;
			files = (
				CC741C26248BF3810023A4B0 /* ChatApplication.xcdatamodeld in Sources */,
				CC81EA1C249C46C500F8EA2B /* UserCell.swift in Sources */,
				CC741C20248BF3810023A4B0 /* MessagesController.swift in Sources */,
				CC861C8A249157CB00525073 /* LoginController+handlers.swift in Sources */,
				CC741C34248BFB140023A4B0 /* LoginController.swift in Sources */,
				CCFCF79A24A1900800F61134 /* ChatMessageCell.swift in Sources */,
				CC741C1C248BF3810023A4B0 /* AppDelegate.swift in Sources */,
				CC914CC7249735CF00CCB922 /* ChatLogController.swift in Sources */,
				CC3E90B924951077005DF64D /* Extension.swift in Sources */,
				CC861C882490337C00525073 /* User.swift in Sources */,
				CC797705248EAEED006ADDD2 /* NewMessageController.swift in Sources */,
				CC81EA19249BEC8D00F8EA2B /* Message.swift in Sources */,
				CC741C1E248BF3810023A4B0 /* SceneDelegate.swift in Sources */,
				CC511D6224A6984F0086F8E2 /* ChatInputContainerView.swift in Sources */,
				CCA300F7248D4FD10032E7C7 /* Constants.swift in Sources */,
			);
			runOnlyForDeploymentPostprocessing = 0;
		};
/* End PBXSourcesBuildPhase section */

/* Begin PBXVariantGroup section */
		CC741C21248BF3810023A4B0 /* Main.storyboard */ = {
			isa = PBXVariantGroup;
			children = (
				CC741C22248BF3810023A4B0 /* Base */,
			);
			name = Main.storyboard;
			sourceTree = "<group>";
		};
		CC741C29248BF3850023A4B0 /* LaunchScreen.storyboard */ = {
			isa = PBXVariantGroup;
			children = (
				CC741C2A248BF3850023A4B0 /* Base */,
			);
			name = LaunchScreen.storyboard;
			sourceTree = "<group>";
		};
/* End PBXVariantGroup section */

/* Begin XCBuildConfiguration section */
		CC741C2D248BF3850023A4B0 /* Debug */ = {
			isa = XCBuildConfiguration;
			buildSettings = {
				ALWAYS_SEARCH_USER_PATHS = NO;
				CLANG_ANALYZER_NONNULL = YES;
				CLANG_ANALYZER_NUMBER_OBJECT_CONVERSION = YES_AGGRESSIVE;
				CLANG_CXX_LANGUAGE_STANDARD = "gnu++14";
				CLANG_CXX_LIBRARY = "libc++";
				CLANG_ENABLE_MODULES = YES;
				CLANG_ENABLE_OBJC_ARC = YES;
				CLANG_ENABLE_OBJC_WEAK = YES;
				CLANG_WARN_BLOCK_CAPTURE_AUTORELEASING = YES;
				CLANG_WARN_BOOL_CONVERSION = YES;
				CLANG_WARN_COMMA = YES;
				CLANG_WARN_CONSTANT_CONVERSION = YES;
				CLANG_WARN_DEPRECATED_OBJC_IMPLEMENTATIONS = YES;
				CLANG_WARN_DIRECT_OBJC_ISA_USAGE = YES_ERROR;
				CLANG_WARN_DOCUMENTATION_COMMENTS = YES;
				CLANG_WARN_EMPTY_BODY = YES;
				CLANG_WARN_ENUM_CONVERSION = YES;
				CLANG_WARN_INFINITE_RECURSION = YES;
				CLANG_WARN_INT_CONVERSION = YES;
				CLANG_WARN_NON_LITERAL_NULL_CONVERSION = YES;
				CLANG_WARN_OBJC_IMPLICIT_RETAIN_SELF = YES;
				CLANG_WARN_OBJC_LITERAL_CONVERSION = YES;
				CLANG_WARN_OBJC_ROOT_CLASS = YES_ERROR;
				CLANG_WARN_RANGE_LOOP_ANALYSIS = YES;
				CLANG_WARN_STRICT_PROTOTYPES = YES;
				CLANG_WARN_SUSPICIOUS_MOVE = YES;
				CLANG_WARN_UNGUARDED_AVAILABILITY = YES_AGGRESSIVE;
				CLANG_WARN_UNREACHABLE_CODE = YES;
				CLANG_WARN__DUPLICATE_METHOD_MATCH = YES;
				COPY_PHASE_STRIP = NO;
				DEBUG_INFORMATION_FORMAT = dwarf;
				ENABLE_STRICT_OBJC_MSGSEND = YES;
				ENABLE_TESTABILITY = YES;
				GCC_C_LANGUAGE_STANDARD = gnu11;
				GCC_DYNAMIC_NO_PIC = NO;
				GCC_NO_COMMON_BLOCKS = YES;
				GCC_OPTIMIZATION_LEVEL = 0;
				GCC_PREPROCESSOR_DEFINITIONS = (
					"DEBUG=1",
					"$(inherited)",
				);
				GCC_WARN_64_TO_32_BIT_CONVERSION = YES;
				GCC_WARN_ABOUT_RETURN_TYPE = YES_ERROR;
				GCC_WARN_UNDECLARED_SELECTOR = YES;
				GCC_WARN_UNINITIALIZED_AUTOS = YES_AGGRESSIVE;
				GCC_WARN_UNUSED_FUNCTION = YES;
				GCC_WARN_UNUSED_VARIABLE = YES;
				IPHONEOS_DEPLOYMENT_TARGET = 13.5;
				MTL_ENABLE_DEBUG_INFO = INCLUDE_SOURCE;
				MTL_FAST_MATH = YES;
				ONLY_ACTIVE_ARCH = YES;
				SDKROOT = iphoneos;
				SWIFT_ACTIVE_COMPILATION_CONDITIONS = DEBUG;
				SWIFT_OPTIMIZATION_LEVEL = "-Onone";
			};
			name = Debug;
		};
		CC741C2E248BF3850023A4B0 /* Release */ = {
			isa = XCBuildConfiguration;
			buildSettings = {
				ALWAYS_SEARCH_USER_PATHS = NO;
				CLANG_ANALYZER_NONNULL = YES;
				CLANG_ANALYZER_NUMBER_OBJECT_CONVERSION = YES_AGGRESSIVE;
				CLANG_CXX_LANGUAGE_STANDARD = "gnu++14";
				CLANG_CXX_LIBRARY = "libc++";
				CLANG_ENABLE_MODULES = YES;
				CLANG_ENABLE_OBJC_ARC = YES;
				CLANG_ENABLE_OBJC_WEAK = YES;
				CLANG_WARN_BLOCK_CAPTURE_AUTORELEASING = YES;
				CLANG_WARN_BOOL_CONVERSION = YES;
				CLANG_WARN_COMMA = YES;
				CLANG_WARN_CONSTANT_CONVERSION = YES;
				CLANG_WARN_DEPRECATED_OBJC_IMPLEMENTATIONS = YES;
				CLANG_WARN_DIRECT_OBJC_ISA_USAGE = YES_ERROR;
				CLANG_WARN_DOCUMENTATION_COMMENTS = YES;
				CLANG_WARN_EMPTY_BODY = YES;
				CLANG_WARN_ENUM_CONVERSION = YES;
				CLANG_WARN_INFINITE_RECURSION = YES;
				CLANG_WARN_INT_CONVERSION = YES;
				CLANG_WARN_NON_LITERAL_NULL_CONVERSION = YES;
				CLANG_WARN_OBJC_IMPLICIT_RETAIN_SELF = YES;
				CLANG_WARN_OBJC_LITERAL_CONVERSION = YES;
				CLANG_WARN_OBJC_ROOT_CLASS = YES_ERROR;
				CLANG_WARN_RANGE_LOOP_ANALYSIS = YES;
				CLANG_WARN_STRICT_PROTOTYPES = YES;
				CLANG_WARN_SUSPICIOUS_MOVE = YES;
				CLANG_WARN_UNGUARDED_AVAILABILITY = YES_AGGRESSIVE;
				CLANG_WARN_UNREACHABLE_CODE = YES;
				CLANG_WARN__DUPLICATE_METHOD_MATCH = YES;
				COPY_PHASE_STRIP = NO;
				DEBUG_INFORMATION_FORMAT = "dwarf-with-dsym";
				ENABLE_NS_ASSERTIONS = NO;
				ENABLE_STRICT_OBJC_MSGSEND = YES;
				GCC_C_LANGUAGE_STANDARD = gnu11;
				GCC_NO_COMMON_BLOCKS = YES;
				GCC_WARN_64_TO_32_BIT_CONVERSION = YES;
				GCC_WARN_ABOUT_RETURN_TYPE = YES_ERROR;
				GCC_WARN_UNDECLARED_SELECTOR = YES;
				GCC_WARN_UNINITIALIZED_AUTOS = YES_AGGRESSIVE;
				GCC_WARN_UNUSED_FUNCTION = YES;
				GCC_WARN_UNUSED_VARIABLE = YES;
				IPHONEOS_DEPLOYMENT_TARGET = 13.5;
				MTL_ENABLE_DEBUG_INFO = NO;
				MTL_FAST_MATH = YES;
				SDKROOT = iphoneos;
				SWIFT_COMPILATION_MODE = wholemodule;
				SWIFT_OPTIMIZATION_LEVEL = "-O";
				VALIDATE_PRODUCT = YES;
			};
			name = Release;
		};
		CC741C30248BF3850023A4B0 /* Debug */ = {
			isa = XCBuildConfiguration;
			baseConfigurationReference = 300082058013B620C9CA1227 /* Pods-ChatApplication.debug.xcconfig */;
			buildSettings = {
				ASSETCATALOG_COMPILER_APPICON_NAME = AppIcon;
				CODE_SIGN_STYLE = Automatic;
				DEVELOPMENT_TEAM = 4NMVJRPWQ9;
				INFOPLIST_FILE = ChatApplication/Info.plist;
				LD_RUNPATH_SEARCH_PATHS = (
					"$(inherited)",
					"@executable_path/Frameworks",
				);
				PRODUCT_BUNDLE_IDENTIFIER = com.darshan.ChatApplication;
				PRODUCT_NAME = "$(TARGET_NAME)";
				SWIFT_VERSION = 5.0;
				TARGETED_DEVICE_FAMILY = "1,2";
			};
			name = Debug;
		};
		CC741C31248BF3850023A4B0 /* Release */ = {
			isa = XCBuildConfiguration;
			baseConfigurationReference = 27F784627526804E35674641 /* Pods-ChatApplication.release.xcconfig */;
			buildSettings = {
				ASSETCATALOG_COMPILER_APPICON_NAME = AppIcon;
				CODE_SIGN_STYLE = Automatic;
				DEVELOPMENT_TEAM = 4NMVJRPWQ9;
				INFOPLIST_FILE = ChatApplication/Info.plist;
				LD_RUNPATH_SEARCH_PATHS = (
					"$(inherited)",
					"@executable_path/Frameworks",
				);
				PRODUCT_BUNDLE_IDENTIFIER = com.darshan.ChatApplication;
				PRODUCT_NAME = "$(TARGET_NAME)";
				SWIFT_VERSION = 5.0;
				TARGETED_DEVICE_FAMILY = "1,2";
			};
			name = Release;
		};
/* End XCBuildConfiguration section */

/* Begin XCConfigurationList section */
		CC741C13248BF3810023A4B0 /* Build configuration list for PBXProject "ChatApplication" */ = {
			isa = XCConfigurationList;
			buildConfigurations = (
				CC741C2D248BF3850023A4B0 /* Debug */,
				CC741C2E248BF3850023A4B0 /* Release */,
			);
			defaultConfigurationIsVisible = 0;
			defaultConfigurationName = Release;
		};
		CC741C2F248BF3850023A4B0 /* Build configuration list for PBXNativeTarget "ChatApplication" */ = {
			isa = XCConfigurationList;
			buildConfigurations = (
				CC741C30248BF3850023A4B0 /* Debug */,
				CC741C31248BF3850023A4B0 /* Release */,
			);
			defaultConfigurationIsVisible = 0;
			defaultConfigurationName = Release;
		};
/* End XCConfigurationList section */

/* Begin XCVersionGroup section */
		CC741C24248BF3810023A4B0 /* ChatApplication.xcdatamodeld */ = {
			isa = XCVersionGroup;
			children = (
				CC741C25248BF3810023A4B0 /* ChatApplication.xcdatamodel */,
			);
			currentVersion = CC741C25248BF3810023A4B0 /* ChatApplication.xcdatamodel */;
			path = ChatApplication.xcdatamodeld;
			sourceTree = "<group>";
			versionGroupType = wrapper.xcdatamodel;
		};
/* End XCVersionGroup section */
	};
	rootObject = CC741C10248BF3810023A4B0 /* Project object */;
}
